dependencies:
- name: netsvcs-dns
  repository: file://./charts/netsvcs-dns
  version: 0.1.0
- name: node-agent
  repository: file://./charts/node-agent
  version: 0.1.0
- name: suricata
  repository: file://./charts/suricata
  version: 0.1.0
- name: zeek
  repository: file://./charts/zeek
  version: 0.1.0
- name: arkime
  repository: file://./charts/arkime
  version: 0.1.0
- name: strelka
  repository: file://./charts/strelka
  version: 0.1.0
- name: cape
  repository: file://./charts/cape
  version: 0.1.0
digest: sha256:d4768dcf451517049023ecac62187321e8024478ea78600e2f9b43d3554289f2
generated: "2026-08-20T20:17:09.885173233-05:00"
